
Microsoft Visual Studio Solution File, Format Version 12.00
# Visual Studio Version 17
VisualStudioVersion = 17.8.34309.116
MinimumVisualStudioVersion = 10.0.40219.1
Project("{FAE04EC0-301F-11D3-BF4B-00C04F79EFBC}") = "MovieManager", "MovieManager\MovieManager.csproj", "{4DF39763-B4E2-495C-AB59-46C590A22F54}"
EndProject
Global
	GlobalSection(SolutionConfigurationPlatforms) = preSolution
		Debug|Any CPU = Debug|Any CPU
		Release|Any CPU = Release|Any CPU
	EndGlobalSection
	GlobalSection(ProjectConfigurationPlatforms) = postSolution
		{4DF39763-B4E2-495C-AB59-46C590A22F54}.Debug|Any CPU.ActiveCfg = Debug|Any CPU
		{4DF39763-B4E2-495C-AB59-46C590A22F54}.Debug|Any CPU.Build.0 = Debug|Any CPU
		{4DF39763-B4E2-495C-AB59-46C590A22F54}.Release|Any CPU.ActiveCfg = Release|Any CPU
		{4DF39763-B4E2-495C-AB59-46C590A22F54}.Release|Any CPU.Build.0 = Release|Any CPU
	EndGlobalSection
	GlobalSection(SolutionProperties) = preSolution
		HideSolutionNode = FALSE
	EndGlobalSection
	GlobalSection(ExtensibilityGlobals) = postSolution
		SolutionGuid = {69ACCA69-5F1D-4C04-BC89-CE72663324BA}
	EndGlobalSection
EndGlobal
